
Microsoft Visual Studio Solution File, Format Version 12.00
# Visual Studio Version 17
VisualStudioVersion = 17.10.35013.160
MinimumVisualStudioVersion = 10.0.40219.1
Project("{9A19103F-16F7-4668-BE54-9A1E7A4F7556}") = "Assessment", "Assessment\Assessment.csproj", "{00123C4E-3381-45B3-9B9F-380E03D3634D}"
EndProject
Project("{FAE04EC0-301F-11D3-BF4B-00C04F79EFBC}") = "TestProject1", "TestProject1\TestProject1.csproj", "{4290617E-9B1D-4F49-880C-60C8C5391397}"
EndProject
Global
	GlobalSection(SolutionConfigurationPlatforms) = preSolution
		Debug|Any CPU = Debug|Any CPU
		Release|Any CPU = Release|Any CPU
	EndGlobalSection
	GlobalSection(ProjectConfigurationPlatforms) = postSolution
		{00123C4E-3381-45B3-9B9F-380E03D3634D}.Debug|Any CPU.ActiveCfg = Debug|Any CPU
		{00123C4E-3381-45B3-9B9F-380E03D3634D}.Debug|Any CPU.Build.0 = Debug|Any CPU
		{00123C4E-3381-45B3-9B9F-380E03D3634D}.Release|Any CPU.ActiveCfg = Release|Any CPU
		{00123C4E-3381-45B3-9B9F-380E03D3634D}.Release|Any CPU.Build.0 = Release|Any CPU
		{4290617E-9B1D-4F49-880C-60C8C5391397}.Debug|Any CPU.ActiveCfg = Debug|Any CPU
		{4290617E-9B1D-4F49-880C-60C8C5391397}.Debug|Any CPU.Build.0 = Debug|Any CPU
		{4290617E-9B1D-4F49-880C-60C8C5391397}.Release|Any CPU.ActiveCfg = Release|Any CPU
		{4290617E-9B1D-4F49-880C-60C8C5391397}.Release|Any CPU.Build.0 = Release|Any CPU
	EndGlobalSection
	GlobalSection(SolutionProperties) = preSolution
		HideSolutionNode = FALSE
	EndGlobalSection
	GlobalSection(ExtensibilityGlobals) = postSolution
		SolutionGuid = {14C311AF-C7BC-4A30-AD25-AB2B61605D34}
	EndGlobalSection
EndGlobal
